
Microsoft Visual Studio Solution File, Format Version 12.00
# Visual Studio Version 17
VisualStudioVersion = 17.13.35931.197 d17.13
MinimumVisualStudioVersion = 10.0.40219.1
Project("{FAE04EC0-301F-11D3-BF4B-00C04F79EFBC}") = "configuration_creator", "configuration_creator.csproj", "{F7387621-49DE-F4A1-E932-65A4E14C4CF3}"
EndProject
Project("{FAE04EC0-301F-11D3-BF4B-00C04F79EFBC}") = "configuration_creator.Core", "..\configuration_creator.Core\configuration_creator.Core.csproj", "{A0D54E21-34DA-8EA9-8A5B-D441107603AF}"
EndProject
Global
	GlobalSection(SolutionConfigurationPlatforms) = preSolution
		Debug|Any CPU = Debug|Any CPU
		Release|Any CPU = Release|Any CPU
	EndGlobalSection
	GlobalSection(ProjectConfigurationPlatforms) = postSolution
		{F7387621-49DE-F4A1-E932-65A4E14C4CF3}.Debug|Any CPU.ActiveCfg = Debug|Any CPU
		{F7387621-49DE-F4A1-E932-65A4E14C4CF3}.Debug|Any CPU.Build.0 = Debug|Any CPU
		{F7387621-49DE-F4A1-E932-65A4E14C4CF3}.Release|Any CPU.ActiveCfg = Release|Any CPU
		{F7387621-49DE-F4A1-E932-65A4E14C4CF3}.Release|Any CPU.Build.0 = Release|Any CPU
		{A0D54E21-34DA-8EA9-8A5B-D441107603AF}.Debug|Any CPU.ActiveCfg = Debug|Any CPU
		{A0D54E21-34DA-8EA9-8A5B-D441107603AF}.Debug|Any CPU.Build.0 = Debug|Any CPU
		{A0D54E21-34DA-8EA9-8A5B-D441107603AF}.Release|Any CPU.ActiveCfg = Release|Any CPU
		{A0D54E21-34DA-8EA9-8A5B-D441107603AF}.Release|Any CPU.Build.0 = Release|Any CPU
	EndGlobalSection
	GlobalSection(SolutionProperties) = preSolution
		HideSolutionNode = FALSE
	EndGlobalSection
	GlobalSection(ExtensibilityGlobals) = postSolution
		SolutionGuid = {6C48E428-9AAC-4F2A-BF65-EA54524162EC}
	EndGlobalSection
EndGlobal
